
Microsoft Visual Studio Solution File, Format Version 12.00
# Visual Studio Version 17
VisualStudioVersion = 17.14.36518.9 d17.14
MinimumVisualStudioVersion = 10.0.40219.1
Project("{FAE04EC0-301F-11D3-BF4B-00C04F79EFBC}") = "LLMAntivirusChatbot", "LLMAntivirusChatbot\LLMAntivirusChatbot.csproj", "{14F047AC-A126-4413-8E97-A4252E3BF299}"
EndProject
Global
	GlobalSection(SolutionConfigurationPlatforms) = preSolution
		Debug|Any CPU = Debug|Any CPU
		Release|Any CPU = Release|Any CPU
	EndGlobalSection
	GlobalSection(ProjectConfigurationPlatforms) = postSolution
		{14F047AC-A126-4413-8E97-A4252E3BF299}.Debug|Any CPU.ActiveCfg = Debug|Any CPU
		{14F047AC-A126-4413-8E97-A4252E3BF299}.Debug|Any CPU.Build.0 = Debug|Any CPU
		{14F047AC-A126-4413-8E97-A4252E3BF299}.Release|Any CPU.ActiveCfg = Release|Any CPU
		{14F047AC-A126-4413-8E97-A4252E3BF299}.Release|Any CPU.Build.0 = Release|Any CPU
	EndGlobalSection
	GlobalSection(SolutionProperties) = preSolution
		HideSolutionNode = FALSE
	EndGlobalSection
	GlobalSection(ExtensibilityGlobals) = postSolution
		SolutionGuid = {F5661503-BB34-4C7A-8AFA-56B6DA4FEF4B}
	EndGlobalSection
EndGlobal
